// !$*UTF8*$!
{
	archiveVersion = 1;
	classes = {
	};
	objectVersion = 56;
	objects = {

/* Begin PBXBuildFile section */
		8DFD07992C41405300FD167A /* AppDelegate.swift in Sources */ = {isa = PBXBuildFile; fileRef = 8DFD07982C41405300FD167A /* AppDelegate.swift */; };
		8DFD079B2C41405300FD167A /* SceneDelegate.swift in Sources */ = {isa = PBXBuildFile; fileRef = 8DFD079A2C41405300FD167A /* SceneDelegate.swift */; };
		8DFD079D2C41405300FD167A /* ViewController.swift in Sources */ = {isa = PBXBuildFile; fileRef = 8DFD079C2C41405300FD167A /* ViewController.swift */; };
		8DFD07A02C41405300FD167A /* Base in Resources */ = {isa = PBXBuildFile; fileRef = 8DFD079F2C41405300FD167A /* Base */; };
		8DFD07A22C41405500FD167A /* Assets.xcassets in Resources */ = {isa = PBXBuildFile; fileRef = 8DFD07A12C41405500FD167A /* Assets.xcassets */; };
		8DFD07A52C41405500FD167A /* Base in Resources */ = {isa = PBXBuildFile; fileRef = 8DFD07A42C41405500FD167A /* Base */; };
		8DFD07B02C41405600FD167A /* EmployeeTests.swift in Sources */ = {isa = PBXBuildFile; fileRef = 8DFD07AF2C41405600FD167A /* EmployeeTests.swift */; };
		8DFD07BA2C41405600FD167A /* EmployeeUITests.swift in Sources */ = {isa = PBXBuildFile; fileRef = 8DFD07B92C41405600FD167A /* EmployeeUITests.swift */; };
		8DFD07BC2C41405600FD167A /* EmployeeUITestsLaunchTests.swift in Sources */ = {isa = PBXBuildFile; fileRef = 8DFD07BB2C41405600FD167A /* EmployeeUITestsLaunchTests.swift */; };
		8DFD07C92C41A46400FD167A /* EmployeeTableViewCell.swift in Sources */ = {isa = PBXBuildFile; fileRef = 8DFD07C82C41A46400FD167A /* EmployeeTableViewCell.swift */; };
		8DFD07CB2C41AFA800FD167A /* Employee.swift in Sources */ = {isa = PBXBuildFile; fileRef = 8DFD07CA2C41AFA800FD167A /* Employee.swift */; };
		8DFD07CD2C41B04300FD167A /* EmployeeViewModel.swift in Sources */ = {isa = PBXBuildFile; fileRef = 8DFD07CC2C41B04300FD167A /* EmployeeViewModel.swift */; };
		8DFD07CF2C41B51F00FD167A /* DetailViewController.swift in Sources */ = {isa = PBXBuildFile; fileRef = 8DFD07CE2C41B51F00FD167A /* DetailViewController.swift */; };
/* End PBXBuildFile section */

/* Begin PBXContainerItemProxy section */
		8DFD07AC2C41405600FD167A /* PBXContainerItemProxy */ = {
			isa = PBXContainerItemProxy;
			containerPortal = 8DFD078D2C41405300FD167A /* Project object */;
			proxyType = 1;
			remoteGlobalIDString = 8DFD07942C41405300FD167A;
			remoteInfo = Employee;
		};
		8DFD07B62C41405600FD167A /* PBXContainerItemProxy */ = {
			isa = PBXContainerItemProxy;
			containerPortal = 8DFD078D2C41405300FD167A /* Project object */;
			proxyType = 1;
			remoteGlobalIDString = 8DFD07942C41405300FD167A;
			remoteInfo = Employee;
		};
/* End PBXContainerItemProxy section */

/* Begin PBXFileReference section */
		8DFD07952C41405300FD167A /* Employee.app */ = {isa = PBXFileReference; explicitFileType = wrapper.application; includeInIndex = 0; path = Employee.app; sourceTree = BUILT_PRODUCTS_DIR; };
		8DFD07982C41405300FD167A /* AppDelegate.swift */ = {isa = PBXFileReference; lastKnownFileType = sourcecode.swift; path = AppDelegate.swift; sourceTree = "<group>"; };
		8DFD079A2C41405300FD167A /* SceneDelegate.swift */ = {isa = PBXFileReference; lastKnownFileType = sourcecode.swift; path = SceneDelegate.swift; sourceTree = "<group>"; };
		8DFD079C2C41405300FD167A /* ViewController.swift */ = {isa = PBXFileReference; lastKnownFileType = sourcecode.swift; path = ViewController.swift; sourceTree = "<group>"; };
		8DFD079F2C41405300FD167A /* Base */ = {isa = PBXFileReference; lastKnownFileType = file.storyboard; name = Base; path = Base.lproj/Main.storyboard; sourceTree = "<group>"; };
		8DFD07A12C41405500FD167A /* Assets.xcassets */ = {isa = PBXFileReference; lastKnownFileType = folder.assetcatalog; path = Assets.xcassets; sourceTree = "<group>"; };
		8DFD07A42C41405500FD167A /* Base */ = {isa = PBXFileReference; lastKnownFileType = file.storyboard; name = Base; path = Base.lproj/LaunchScreen.storyboard; sourceTree = "<group>"; };
		8DFD07A62C41405500FD167A /* Info.plist */ = {isa = PBXFileReference; lastKnownFileType = text.plist.xml; path = Info.plist; sourceTree = "<group>"; };
		8DFD07AB2C41405600FD167A /* EmployeeTests.xctest */ = {isa = PBXFileReference; explicitFileType = wrapper.cfbundle; includeInIndex = 0; path = EmployeeTests.xctest; sourceTree = BUILT_PRODUCTS_DIR; };
		8DFD07AF2C41405600FD167A /* EmployeeTests.swift */ = {isa = PBXFileReference; lastKnownFileType = sourcecode.swift; path = EmployeeTests.swift; sourceTree = "<group>"; };
		8DFD07B52C41405600FD167A /* EmployeeUITests.xctest */ = {isa = PBXFileReference; explicitFileType = wrapper.cfbundle; includeInIndex = 0; path = EmployeeUITests.xctest; sourceTree = BUILT_PRODUCTS_DIR; };
		8DFD07B92C41405600FD167A /* EmployeeUITests.swift */ = {isa = PBXFileReference; lastKnownFileType = sourcecode.swift; path = EmployeeUITests.swift; sourceTree = "<group>"; };
		8DFD07BB2C41405600FD167A /* EmployeeUITestsLaunchTests.swift */ = {isa = PBXFileReference; lastKnownFileType = sourcecode.swift; path = EmployeeUITestsLaunchTests.swift; sourceTree = "<group>"; };
		8DFD07C82C41A46400FD167A /* EmployeeTableViewCell.swift */ = {isa = PBXFileReference; lastKnownFileType = sourcecode.swift; path = EmployeeTableViewCell.swift; sourceTree = "<group>"; };
		8DFD07CA2C41AFA800FD167A /* Employee.swift */ = {isa = PBXFileReference; lastKnownFileType = sourcecode.swift; path = Employee.swift; sourceTree = "<group>"; };
		8DFD07CC2C41B04300FD167A /* EmployeeViewModel.swift */ = {isa = PBXFileReference; lastKnownFileType = sourcecode.swift; path = EmployeeViewModel.swift; sourceTree = "<group>"; };
		8DFD07CE2C41B51F00FD167A /* DetailViewController.swift */ = {isa = PBXFileReference; lastKnownFileType = sourcecode.swift; path = DetailViewController.swift; sourceTree = "<group>"; };
/* End PBXFileReference section */

/* Begin PBXFrameworksBuildPhase section */
		8DFD07922C41405300FD167A /* Frameworks */ = {
			isa = PBXFrameworksBuildPhase;
			buildActionMask = 2147483647;
			files = (
			);
			runOnlyForDeploymentPostprocessing = 0;
		};
		8DFD07A82C41405600FD167A /* Frameworks */ = {
			isa = PBXFrameworksBuildPhase;
			buildActionMask = 2147483647;
			files = (
			);
			runOnlyForDeploymentPostprocessing = 0;
		};
		8DFD07B22C41405600FD167A /* Frameworks */ = {
			isa = PBXFrameworksBuildPhase;
			buildActionMask = 2147483647;
			files = (
			);
			runOnlyForDeploymentPostprocessing = 0;
		};
/* End PBXFrameworksBuildPhase section */

/* Begin PBXGroup section */
		8DFD078C2C41405300FD167A = {
			isa = PBXGroup;
			children = (
				8DFD07972C41405300FD167A /* Employee */,
				8DFD07AE2C41405600FD167A /* EmployeeTests */,
				8DFD07B82C41405600FD167A /* EmployeeUITests */,
				8DFD07962C41405300FD167A /* Products */,
			);
			sourceTree = "<group>";
		};
		8DFD07962C41405300FD167A /* Products */ = {
			isa = PBXGroup;
			children = (
				8DFD07952C41405300FD167A /* Employee.app */,
				8DFD07AB2C41405600FD167A /* EmployeeTests.xctest */,
				8DFD07B52C41405600FD167A /* EmployeeUITests.xctest */,
			);
			name = Products;
			sourceTree = "<group>";
		};
		8DFD07972C41405300FD167A /* Employee */ = {
			isa = PBXGroup;
			children = (
				8DFD07982C41405300FD167A /* AppDelegate.swift */,
				8DFD079A2C41405300FD167A /* SceneDelegate.swift */,
				8DFD079C2C41405300FD167A /* ViewController.swift */,
				8DFD07C82C41A46400FD167A /* EmployeeTableViewCell.swift */,
				8DFD079E2C41405300FD167A /* Main.storyboard */,
				8DFD07CE2C41B51F00FD167A /* DetailViewController.swift */,
				8DFD07CC2C41B04300FD167A /* EmployeeViewModel.swift */,
				8DFD07CA2C41AFA800FD167A /* Employee.swift */,
				8DFD07A12C41405500FD167A /* Assets.xcassets */,
				8DFD07A32C41405500FD167A /* LaunchScreen.storyboard */,
				8DFD07A62C41405500FD167A /* Info.plist */,
			);
			path = Employee;
			sourceTree = "<group>";
		};
		8DFD07AE2C41405600FD167A /* EmployeeTests */ = {
			isa = PBXGroup;
			children = (
				8DFD07AF2C41405600FD167A /* EmployeeTests.swift */,
			);
			path = EmployeeTests;
			sourceTree = "<group>";
		};
		8DFD07B82C41405600FD167A /* EmployeeUITests */ = {
			isa = PBXGroup;
			children = (
				8DFD07B92C41405600FD167A /* EmployeeUITests.swift */,
				8DFD07BB2C41405600FD167A /* EmployeeUITestsLaunchTests.swift */,
			);
			path = EmployeeUITests;
			sourceTree = "<group>";
		};
/* End PBXGroup section */

/* Begin PBXNativeTarget section */
		8DFD07942C41405300FD167A /* Employee */ = {
			isa = PBXNativeTarget;
			buildConfigurationList = 8DFD07BF2C41405600FD167A /* Build configuration list for PBXNativeTarget "Employee" */;
			buildPhases = (
				8DFD07912C41405300FD167A /* Sources */,
				8DFD07922C41405300FD167A /* Frameworks */,
				8DFD07932C41405300FD167A /* Resources */,
			);
			buildRules = (
			);
			dependencies = (
			);
			name = Employee;
			productName = Employee;
			productReference = 8DFD07952C41405300FD167A /* Employee.app */;
			productType = "com.apple.product-type.application";
		};
		8DFD07AA2C41405600FD167A /* EmployeeTests */ = {
			isa = PBXNativeTarget;
			buildConfigurationList = 8DFD07C22C41405600FD167A /* Build configuration list for PBXNativeTarget "EmployeeTests" */;
			buildPhases = (
				8DFD07A72C41405600FD167A /* Sources */,
				8DFD07A82C41405600FD167A /* Frameworks */,
				8DFD07A92C41405600FD167A /* Resources */,
			);
			buildRules = (
			);
			dependencies = (
				8DFD07AD2C41405600FD167A /* PBXTargetDependency */,
			);
			name = EmployeeTests;
			productName = EmployeeTests;
			productReference = 8DFD07AB2C41405600FD167A /* EmployeeTests.xctest */;
			productType = "com.apple.product-type.bundle.unit-test";
		};
		8DFD07B42C41405600FD167A /* EmployeeUITests */ = {
			isa = PBXNativeTarget;
			buildConfigurationList = 8DFD07C52C41405600FD167A /* Build configuration list for PBXNativeTarget "EmployeeUITests" */;
			buildPhases = (
				8DFD07B12C41405600FD167A /* Sources */,
				8DFD07B22C41405600FD167A /* Frameworks */,
				8DFD07B32C41405600FD167A /* Resources */,
			);
			buildRules = (
			);
			dependencies = (
				8DFD07B72C41405600FD167A /* PBXTargetDependency */,
			);
			name = EmployeeUITests;
			productName = EmployeeUITests;
			productReference = 8DFD07B52C41405600FD167A /* EmployeeUITests.xctest */;
			productType = "com.apple.product-type.bundle.ui-testing";
		};
/* End PBXNativeTarget section */

/* Begin PBXProject section */
		8DFD078D2C41405300FD167A /* Project object */ = {
			isa = PBXProject;
			attributes = {
				BuildIndependentTargetsInParallel = 1;
				LastSwiftUpdateCheck = 1540;
				LastUpgradeCheck = 1540;
				TargetAttributes = {
					8DFD07942C41405300FD167A = {
						CreatedOnToolsVersion = 15.4;
					};
					8DFD07AA2C41405600FD167A = {
						CreatedOnToolsVersion = 15.4;
						TestTargetID = 8DFD07942C41405300FD167A;
					};
					8DFD07B42C41405600FD167A = {
						CreatedOnToolsVersion = 15.4;
						TestTargetID = 8DFD07942C41405300FD167A;
					};
				};
			};
			buildConfigurationList = 8DFD07902C41405300FD167A /* Build configuration list for PBXProject "Employee" */;
			compatibilityVersion = "Xcode 14.0";
			developmentRegion = en;
			hasScannedForEncodings = 0;
			knownRegions = (
				en,
				Base,
			);
			mainGroup = 8DFD078C2C41405300FD167A;
			productRefGroup = 8DFD07962C41405300FD167A /* Products */;
			projectDirPath = "";
			projectRoot = "";
			targets = (
				8DFD07942C41405300FD167A /* Employee */,
				8DFD07AA2C41405600FD167A /* EmployeeTests */,
				8DFD07B42C41405600FD167A /* EmployeeUITests */,
			);
		};
/* End PBXProject section */

/* Begin PBXResourcesBuildPhase section */
		8DFD07932C41405300FD167A /* Resources */ = {
			isa = PBXResourcesBuildPhase;
			buildActionMask = 2147483647;
			files = (
				8DFD07A22C41405500FD167A /* Assets.xcassets in Resources */,
				8DFD07A52C41405500FD167A /* Base in Resources */,
				8DFD07A02C41405300FD167A /* Base in Resources */,
			);
			runOnlyForDeploymentPostprocessing = 0;
		};
		8DFD07A92C41405600FD167A /* Resources */ = {
			isa = PBXResourcesBuildPhase;
			buildActionMask = 2147483647;
			files = (
			);
			runOnlyForDeploymentPostprocessing = 0;
		};
		8DFD07B32C41405600FD167A /* Resources */ = {
			isa = PBXResourcesBuildPhase;
			buildActionMask = 2147483647;
			files = (
			);
			runOnlyForDeploymentPostprocessing = 0;
		};
/* End PBXResourcesBuildPhase section */

/* Begin PBXSourcesBuildPhase section */
		8DFD07912C41405300FD167A /* Sources */ = {
			isa = PBXSourcesBuildPhase;
			buildActionMask = 2147483647;
			files = (
				8DFD079D2C41405300FD167A /* ViewController.swift in Sources */,
				8DFD07C92C41A46400FD167A /* EmployeeTableViewCell.swift in Sources */,
				8DFD07992C41405300FD167A /* AppDelegate.swift in Sources */,
				8DFD07CB2C41AFA800FD167A /* Employee.swift in Sources */,
				8DFD07CD2C41B04300FD167A /* EmployeeViewModel.swift in Sources */,
				8DFD079B2C41405300FD167A /* SceneDelegate.swift in Sources */,
				8DFD07CF2C41B51F00FD167A /* DetailViewController.swift in Sources */,
			);
			runOnlyForDeploymentPostprocessing = 0;
		};
		8DFD07A72C41405600FD167A /* Sources */ = {
			isa = PBXSourcesBuildPhase;
			buildActionMask = 2147483647;
			files = (
				8DFD07B02C41405600FD167A /* EmployeeTests.swift in Sources */,
			);
			runOnlyForDeploymentPostprocessing = 0;
		};
		8DFD07B12C41405600FD167A /* Sources */ = {
			isa = PBXSourcesBuildPhase;
			buildActionMask = 2147483647;
			files = (
				8DFD07BC2C41405600FD167A /* EmployeeUITestsLaunchTests.swift in Sources */,
				8DFD07BA2C41405600FD167A /* EmployeeUITests.swift in Sources */,
			);
			runOnlyForDeploymentPostprocessing = 0;
		};
/* End PBXSourcesBuildPhase section */

/* Begin PBXTargetDependency section */
		8DFD07AD2C41405600FD167A /* PBXTargetDependency */ = {
			isa = PBXTargetDependency;
			target = 8DFD07942C41405300FD167A /* Employee */;
			targetProxy = 8DFD07AC2C41405600FD167A /* PBXContainerItemProxy */;
		};
		8DFD07B72C41405600FD167A /* PBXTargetDependency */ = {
			isa = PBXTargetDependency;
			target = 8DFD07942C41405300FD167A /* Employee */;
			targetProxy = 8DFD07B62C41405600FD167A /* PBXContainerItemProxy */;
		};
/* End PBXTargetDependency section */

/* Begin PBXVariantGroup section */
		8DFD079E2C41405300FD167A /* Main.storyboard */ = {
			isa = PBXVariantGroup;
			children = (
				8DFD079F2C41405300FD167A /* Base */,
			);
			name = Main.storyboard;
			sourceTree = "<group>";
		};
		8DFD07A32C41405500FD167A /* LaunchScreen.storyboard */ = {
			isa = PBXVariantGroup;
			children = (
				8DFD07A42C41405500FD167A /* Base */,
			);
			name = LaunchScreen.storyboard;
			sourceTree = "<group>";
		};
/* End PBXVariantGroup section */

/* Begin XCBuildConfiguration section */
		8DFD07BD2C41405600FD167A /* Debug */ = {
			isa = XCBuildConfiguration;
			buildSettings = {
				ALWAYS_SEARCH_USER_PATHS = NO;
				ASSETCATALOG_COMPILER_GENERATE_SWIFT_ASSET_SYMBOL_EXTENSIONS = YES;
				CLANG_ANALYZER_NONNULL = YES;
				CLANG_ANALYZER_NUMBER_OBJECT_CONVERSION = YES_AGGRESSIVE;
				CLANG_CXX_LANGUAGE_STANDARD = "gnu++20";
				CLANG_ENABLE_MODULES = YES;
				CLANG_ENABLE_OBJC_ARC = YES;
				CLANG_ENABLE_OBJC_WEAK = YES;
				CLANG_WARN_BLOCK_CAPTURE_AUTORELEASING = YES;
				CLANG_WARN_BOOL_CONVERSION = YES;
				CLANG_WARN_COMMA = YES;
				CLANG_WARN_CONSTANT_CONVERSION = YES;
				CLANG_WARN_DEPRECATED_OBJC_IMPLEMENTATIONS = YES;
				CLANG_WARN_DIRECT_OBJC_ISA_USAGE = YES_ERROR;
				CLANG_WARN_DOCUMENTATION_COMMENTS = YES;
				CLANG_WARN_EMPTY_BODY = YES;
				CLANG_WARN_ENUM_CONVERSION = YES;
				CLANG_WARN_INFINITE_RECURSION = YES;
				CLANG_WARN_INT_CONVERSION = YES;
				CLANG_WARN_NON_LITERAL_NULL_CONVERSION = YES;
				CLANG_WARN_OBJC_IMPLICIT_RETAIN_SELF = YES;
				CLANG_WARN_OBJC_LITERAL_CONVERSION = YES;
				CLANG_WARN_OBJC_ROOT_CLASS = YES_ERROR;
				CLANG_WARN_QUOTED_INCLUDE_IN_FRAMEWORK_HEADER = YES;
				CLANG_WARN_RANGE_LOOP_ANALYSIS = YES;
				CLANG_WARN_STRICT_PROTOTYPES = YES;
				CLANG_WARN_SUSPICIOUS_MOVE = YES;
				CLANG_WARN_UNGUARDED_AVAILABILITY = YES_AGGRESSIVE;
				CLANG_WARN_UNREACHABLE_CODE = YES;
				CLANG_WARN__DUPLICATE_METHOD_MATCH = YES;
				COPY_PHASE_STRIP = NO;
				DEBUG_INFORMATION_FORMAT = dwarf;
				ENABLE_STRICT_OBJC_MSGSEND = YES;
				ENABLE_TESTABILITY = YES;
				ENABLE_USER_SCRIPT_SANDBOXING = YES;
				GCC_C_LANGUAGE_STANDARD = gnu17;
				GCC_DYNAMIC_NO_PIC = NO;
				GCC_NO_COMMON_BLOCKS = YES;
				GCC_OPTIMIZATION_LEVEL = 0;
				GCC_PREPROCESSOR_DEFINITIONS = (
					"DEBUG=1",
					"$(inherited)",
				);
				GCC_WARN_64_TO_32_BIT_CONVERSION = YES;
				GCC_WARN_ABOUT_RETURN_TYPE = YES_ERROR;
				GCC_WARN_UNDECLARED_SELECTOR = YES;
				GCC_WARN_UNINITIALIZED_AUTOS = YES_AGGRESSIVE;
				GCC_WARN_UNUSED_FUNCTION = YES;
				GCC_WARN_UNUSED_VARIABLE = YES;
				IPHONEOS_DEPLOYMENT_TARGET = 17.5;
				LOCALIZATION_PREFERS_STRING_CATALOGS = YES;
				MTL_ENABLE_DEBUG_INFO = INCLUDE_SOURCE;
				MTL_FAST_MATH = YES;
				ONLY_ACTIVE_ARCH = YES;
				SDKROOT = iphoneos;
				SWIFT_ACTIVE_COMPILATION_CONDITIONS = "DEBUG $(inherited)";
				SWIFT_OPTIMIZATION_LEVEL = "-Onone";
			};
			name = Debug;
		};
		8DFD07BE2C41405600FD167A /* Release */ = {
			isa = XCBuildConfiguration;
			buildSettings = {
				ALWAYS_SEARCH_USER_PATHS = NO;
				ASSETCATALOG_COMPILER_GENERATE_SWIFT_ASSET_SYMBOL_EXTENSIONS = YES;
				CLANG_ANALYZER_NONNULL = YES;
				CLANG_ANALYZER_NUMBER_OBJECT_CONVERSION = YES_AGGRESSIVE;
				CLANG_CXX_LANGUAGE_STANDARD = "gnu++20";
				CLANG_ENABLE_MODULES = YES;
				CLANG_ENABLE_OBJC_ARC = YES;
				CLANG_ENABLE_OBJC_WEAK = YES;
				CLANG_WARN_BLOCK_CAPTURE_AUTORELEASING = YES;
				CLANG_WARN_BOOL_CONVERSION = YES;
				CLANG_WARN_COMMA = YES;
				CLANG_WARN_CONSTANT_CONVERSION = YES;
				CLANG_WARN_DEPRECATED_OBJC_IMPLEMENTATIONS = YES;
				CLANG_WARN_DIRECT_OBJC_ISA_USAGE = YES_ERROR;
				CLANG_WARN_DOCUMENTATION_COMMENTS = YES;
				CLANG_WARN_EMPTY_BODY = YES;
				CLANG_WARN_ENUM_CONVERSION = YES;
				CLANG_WARN_INFINITE_RECURSION = YES;
				CLANG_WARN_INT_CONVERSION = YES;
				CLANG_WARN_NON_LITERAL_NULL_CONVERSION = YES;
				CLANG_WARN_OBJC_IMPLICIT_RETAIN_SELF = YES;
				CLANG_WARN_OBJC_LITERAL_CONVERSION = YES;
				CLANG_WARN_OBJC_ROOT_CLASS = YES_ERROR;
				CLANG_WARN_QUOTED_INCLUDE_IN_FRAMEWORK_HEADER = YES;
				CLANG_WARN_RANGE_LOOP_ANALYSIS = YES;
				CLANG_WARN_STRICT_PROTOTYPES = YES;
				CLANG_WARN_SUSPICIOUS_MOVE = YES;
				CLANG_WARN_UNGUARDED_AVAILABILITY = YES_AGGRESSIVE;
				CLANG_WARN_UNREACHABLE_CODE = YES;
				CLANG_WARN__DUPLICATE_METHOD_MATCH = YES;
				COPY_PHASE_STRIP = NO;
				DEBUG_INFORMATION_FORMAT = "dwarf-with-dsym";
				ENABLE_NS_ASSERTIONS = NO;
				ENABLE_STRICT_OBJC_MSGSEND = YES;
				ENABLE_USER_SCRIPT_SANDBOXING = YES;
				GCC_C_LANGUAGE_STANDARD = gnu17;
				GCC_NO_COMMON_BLOCKS = YES;
				GCC_WARN_64_TO_32_BIT_CONVERSION = YES;
				GCC_WARN_ABOUT_RETURN_TYPE = YES_ERROR;
				GCC_WARN_UNDECLARED_SELECTOR = YES;
				GCC_WARN_UNINITIALIZED_AUTOS = YES_AGGRESSIVE;
				GCC_WARN_UNUSED_FUNCTION = YES;
				GCC_WARN_UNUSED_VARIABLE = YES;
				IPHONEOS_DEPLOYMENT_TARGET = 17.5;
				LOCALIZATION_PREFERS_STRING_CATALOGS = YES;
				MTL_ENABLE_DEBUG_INFO = NO;
				MTL_FAST_MATH = YES;
				SDKROOT = iphoneos;
				SWIFT_COMPILATION_MODE = wholemodule;
				VALIDATE_PRODUCT = YES;
			};
			name = Release;
		};
		8DFD07C02C41405600FD167A /* Debug */ = {
			isa = XCBuildConfiguration;
			buildSettings = {
				ASSETCATALOG_COMPILER_APPICON_NAME = AppIcon;
				ASSETCATALOG_COMPILER_GLOBAL_ACCENT_COLOR_NAME = AccentColor;
				CODE_SIGN_STYLE = Automatic;
				CURRENT_PROJECT_VERSION = 1;
				DEVELOPMENT_TEAM = JBYUQY7BHV;
				GENERATE_INFOPLIST_FILE = YES;
				INFOPLIST_FILE = Employee/Info.plist;
				INFOPLIST_KEY_UIApplicationSupportsIndirectInputEvents = YES;
				INFOPLIST_KEY_UILaunchStoryboardName = LaunchScreen.storyboard;
				INFOPLIST_KEY_UIMainStoryboardFile = Main;
				INFOPLIST_KEY_UISupportedInterfaceOrientations_iPad = "UIInterfaceOrientationPortrait UIInterfaceOrientationPortraitUpsideDown UIInterfaceOrientationLandscapeLeft UIInterfaceOrientationLandscapeRight";
				INFOPLIST_KEY_UISupportedInterfaceOrientations_iPhone = "UIInterfaceOrientationPortrait UIInterfaceOrientationLandscapeLeft UIInterfaceOrientationLandscapeRight";
				LD_RUNPATH_SEARCH_PATHS = (
					"$(inherited)",
					"@executable_path/Frameworks",
				);
				MARKETING_VERSION = 1.0;
				PRODUCT_BUNDLE_IDENTIFIER = com.tarun.Employee;
				PRODUCT_NAME = "$(TARGET_NAME)";
				SWIFT_EMIT_LOC_STRINGS = YES;
				SWIFT_VERSION = 5.0;
				TARGETED_DEVICE_FAMILY = "1,2";
			};
			name = Debug;
		};
		8DFD07C12C41405600FD167A /* Release */ = {
			isa = XCBuildConfiguration;
			buildSettings = {
				ASSETCATALOG_COMPILER_APPICON_NAME = AppIcon;
				ASSETCATALOG_COMPILER_GLOBAL_ACCENT_COLOR_NAME = AccentColor;
				CODE_SIGN_STYLE = Automatic;
				CURRENT_PROJECT_VERSION = 1;
				DEVELOPMENT_TEAM = JBYUQY7BHV;
				GENERATE_INFOPLIST_FILE = YES;
				INFOPLIST_FILE = Employee/Info.plist;
				INFOPLIST_KEY_UIApplicationSupportsIndirectInputEvents = YES;
				INFOPLIST_KEY_UILaunchStoryboardName = LaunchScreen.storyboard;
				INFOPLIST_KEY_UIMainStoryboardFile = Main;
				INFOPLIST_KEY_UISupportedInterfaceOrientations_iPad = "UIInterfaceOrientationPortrait UIInterfaceOrientationPortraitUpsideDown UIInterfaceOrientationLandscapeLeft UIInterfaceOrientationLandscapeRight";
				INFOPLIST_KEY_UISupportedInterfaceOrientations_iPhone = "UIInterfaceOrientationPortrait UIInterfaceOrientationLandscapeLeft UIInterfaceOrientationLandscapeRight";
				LD_RUNPATH_SEARCH_PATHS = (
					"$(inherited)",
					"@executable_path/Frameworks",
				);
				MARKETING_VERSION = 1.0;
				PRODUCT_BUNDLE_IDENTIFIER = com.tarun.Employee;
				PRODUCT_NAME = "$(TARGET_NAME)";
				SWIFT_EMIT_LOC_STRINGS = YES;
				SWIFT_VERSION = 5.0;
				TARGETED_DEVICE_FAMILY = "1,2";
			};
			name = Release;
		};
		8DFD07C32C41405600FD167A /* Debug */ = {
			isa = XCBuildConfiguration;
			buildSettings = {
				ALWAYS_EMBED_SWIFT_STANDARD_LIBRARIES = YES;
				BUNDLE_LOADER = "$(TEST_HOST)";
				CODE_SIGN_STYLE = Automatic;
				CURRENT_PROJECT_VERSION = 1;
				DEVELOPMENT_TEAM = JBYUQY7BHV;
				GENERATE_INFOPLIST_FILE = YES;
				IPHONEOS_DEPLOYMENT_TARGET = 17.5;
				MARKETING_VERSION = 1.0;
				PRODUCT_BUNDLE_IDENTIFIER = com.tarun.EmployeeTests;
				PRODUCT_NAME = "$(TARGET_NAME)";
				SWIFT_EMIT_LOC_STRINGS = NO;
				SWIFT_VERSION = 5.0;
				TARGETED_DEVICE_FAMILY = "1,2";
				TEST_HOST = "$(BUILT_PRODUCTS_DIR)/Employee.app/$(BUNDLE_EXECUTABLE_FOLDER_PATH)/Employee";
			};
			name = Debug;
		};
		8DFD07C42C41405600FD167A /* Release */ = {
			isa = XCBuildConfiguration;
			buildSettings = {
				ALWAYS_EMBED_SWIFT_STANDARD_LIBRARIES = YES;
				BUNDLE_LOADER = "$(TEST_HOST)";
				CODE_SIGN_STYLE = Automatic;
				CURRENT_PROJECT_VERSION = 1;
				DEVELOPMENT_TEAM = JBYUQY7BHV;
				GENERATE_INFOPLIST_FILE = YES;
				IPHONEOS_DEPLOYMENT_TARGET = 17.5;
				MARKETING_VERSION = 1.0;
				PRODUCT_BUNDLE_IDENTIFIER = com.tarun.EmployeeTests;
				PRODUCT_NAME = "$(TARGET_NAME)";
				SWIFT_EMIT_LOC_STRINGS = NO;
				SWIFT_VERSION = 5.0;
				TARGETED_DEVICE_FAMILY = "1,2";
				TEST_HOST = "$(BUILT_PRODUCTS_DIR)/Employee.app/$(BUNDLE_EXECUTABLE_FOLDER_PATH)/Employee";
			};
			name = Release;
		};
		8DFD07C62C41405600FD167A /* Debug */ = {
			isa = XCBuildConfiguration;
			buildSettings = {
				ALWAYS_EMBED_SWIFT_STANDARD_LIBRARIES = YES;
				CODE_SIGN_STYLE = Automatic;
				CURRENT_PROJECT_VERSION = 1;
				DEVELOPMENT_TEAM = JBYUQY7BHV;
				GENERATE_INFOPLIST_FILE = YES;
				MARKETING_VERSION = 1.0;
				PRODUCT_BUNDLE_IDENTIFIER = com.tarun.EmployeeUITests;
				PRODUCT_NAME = "$(TARGET_NAME)";
				SWIFT_EMIT_LOC_STRINGS = NO;
				SWIFT_VERSION = 5.0;
				TARGETED_DEVICE_FAMILY = "1,2";
				TEST_TARGET_NAME = Employee;
			};
			name = Debug;
		};
		8DFD07C72C41405600FD167A /* Release */ = {
			isa = XCBuildConfiguration;
			buildSettings = {
				ALWAYS_EMBED_SWIFT_STANDARD_LIBRARIES = YES;
				CODE_SIGN_STYLE = Automatic;
				CURRENT_PROJECT_VERSION = 1;
				DEVELOPMENT_TEAM = JBYUQY7BHV;
				GENERATE_INFOPLIST_FILE = YES;
				MARKETING_VERSION = 1.0;
				PRODUCT_BUNDLE_IDENTIFIER = com.tarun.EmployeeUITests;
				PRODUCT_NAME = "$(TARGET_NAME)";
				SWIFT_EMIT_LOC_STRINGS = NO;
				SWIFT_VERSION = 5.0;
				TARGETED_DEVICE_FAMILY = "1,2";
				TEST_TARGET_NAME = Employee;
			};
			name = Release;
		};
/* End XCBuildConfiguration section */

/* Begin XCConfigurationList section */
		8DFD07902C41405300FD167A /* Build configuration list for PBXProject "Employee" */ = {
			isa = XCConfigurationList;
			buildConfigurations = (
				8DFD07BD2C41405600FD167A /* Debug */,
				8DFD07BE2C41405600FD167A /* Release */,
			);
			defaultConfigurationIsVisible = 0;
			defaultConfigurationName = Release;
		};
		8DFD07BF2C41405600FD167A /* Build configuration list for PBXNativeTarget "Employee" */ = {
			isa = XCConfigurationList;
			buildConfigurations = (
				8DFD07C02C41405600FD167A /* Debug */,
				8DFD07C12C41405600FD167A /* Release */,
			);
			defaultConfigurationIsVisible = 0;
			defaultConfigurationName = Release;
		};
		8DFD07C22C41405600FD167A /* Build configuration list for PBXNativeTarget "EmployeeTests" */ = {
			isa = XCConfigurationList;
			buildConfigurations = (
				8DFD07C32C41405600FD167A /* Debug */,
				8DFD07C42C41405600FD167A /* Release */,
			);
			defaultConfigurationIsVisible = 0;
			defaultConfigurationName = Release;
		};
		8DFD07C52C41405600FD167A /* Build configuration list for PBXNativeTarget "EmployeeUITests" */ = {
			isa = XCConfigurationList;
			buildConfigurations = (
				8DFD07C62C41405600FD167A /* Debug */,
				8DFD07C72C41405600FD167A /* Release */,
			);
			defaultConfigurationIsVisible = 0;
			defaultConfigurationName = Release;
		};
/* End XCConfigurationList section */
	};
	rootObject = 8DFD078D2C41405300FD167A /* Project object */;
}
